
Microsoft Visual Studio Solution File, Format Version 12.00
# Visual Studio 14
VisualStudioVersion = 14.0.25420.1
MinimumVisualStudioVersion = 10.0.40219.1
Project("{FAE04EC0-301F-11D3-BF4B-00C04F79EFBC}") = "TekkenFrame", "TekkenMaster\TekkenFrame\TekkenFrame.csproj", "{603D54F4-FBBA-41C7-9F09-64D85D696CFD}"
EndProject
Project("{FAE04EC0-301F-11D3-BF4B-00C04F79EFBC}") = "TekkenLibrary", "TekkenMaster\TekkenLibrary\TekkenLibrary.csproj", "{484882CF-5F07-4E4A-B1C2-1B9BB1BAA7CC}"
EndProject
Project("{FAE04EC0-301F-11D3-BF4B-00C04F79EFBC}") = "TekkenDB", "TekkenMaster\TekkenDB\TekkenDB.csproj", "{1165E0E2-6D2B-4FF6-998E-18F151A63091}"
EndProject
Project("{FAE04EC0-301F-11D3-BF4B-00C04F79EFBC}") = "TekkenDBEditor", "TekkenMaster\TekkenDBWriter\TekkenDBEditor.csproj", "{5ED0C7A4-2D04-4A9B-97C3-D06C3265D341}"
EndProject
Project("{FAE04EC0-301F-11D3-BF4B-00C04F79EFBC}") = "TekkenConsole", "TekkenMaster\TekkenConsole\TekkenConsole.csproj", "{3528765D-F691-43BC-9015-6C73A615C670}"
EndProject
Project("{FAE04EC0-301F-11D3-BF4B-00C04F79EFBC}") = "TekkenUI", "TekkenMaster\Tekken\TekkenUI.csproj", "{AFA183FE-F4BB-4E4D-A8D2-70EB44CA456E}"
EndProject
Project("{FAE04EC0-301F-11D3-BF4B-00C04F79EFBC}") = "wpf", "TekkenMaster\wpf\wpf.csproj", "{346A7B7C-177F-4F21-A7FC-95643AAF26FD}"
EndProject
Project("{FAE04EC0-301F-11D3-BF4B-00C04F79EFBC}") = "WpfApplication1", "TekkenMaster\WpfApplication1\WpfApplication1.csproj", "{C24256B5-800D-4048-AF51-7D4B7409699E}"
EndProject
Global
	GlobalSection(SolutionConfigurationPlatforms) = preSolution
		Debug|Any CPU = Debug|Any CPU
		Debug|ARM = Debug|ARM
		Debug|x64 = Debug|x64
		Debug|x86 = Debug|x86
		Release|Any CPU = Release|Any CPU
		Release|ARM = Release|ARM
		Release|x64 = Release|x64
		Release|x86 = Release|x86
	EndGlobalSection
	GlobalSection(ProjectConfigurationPlatforms) = postSolution
		{603D54F4-FBBA-41C7-9F09-64D85D696CFD}.Debug|Any CPU.ActiveCfg = Debug|x86
		{603D54F4-FBBA-41C7-9F09-64D85D696CFD}.Debug|ARM.ActiveCfg = Debug|ARM
		{603D54F4-FBBA-41C7-9F09-64D85D696CFD}.Debug|ARM.Build.0 = Debug|ARM
		{603D54F4-FBBA-41C7-9F09-64D85D696CFD}.Debug|ARM.Deploy.0 = Debug|ARM
		{603D54F4-FBBA-41C7-9F09-64D85D696CFD}.Debug|x64.ActiveCfg = Debug|x64
		{603D54F4-FBBA-41C7-9F09-64D85D696CFD}.Debug|x64.Build.0 = Debug|x64
		{603D54F4-FBBA-41C7-9F09-64D85D696CFD}.Debug|x64.Deploy.0 = Debug|x64
		{603D54F4-FBBA-41C7-9F09-64D85D696CFD}.Debug|x86.ActiveCfg = Debug|x86
		{603D54F4-FBBA-41C7-9F09-64D85D696CFD}.Debug|x86.Build.0 = Debug|x86
		{603D54F4-FBBA-41C7-9F09-64D85D696CFD}.Debug|x86.Deploy.0 = Debug|x86
		{603D54F4-FBBA-41C7-9F09-64D85D696CFD}.Release|Any CPU.ActiveCfg = Release|x86
		{603D54F4-FBBA-41C7-9F09-64D85D696CFD}.Release|ARM.ActiveCfg = Release|ARM
		{603D54F4-FBBA-41C7-9F09-64D85D696CFD}.Release|ARM.Build.0 = Release|ARM
		{603D54F4-FBBA-41C7-9F09-64D85D696CFD}.Release|ARM.Deploy.0 = Release|ARM
		{603D54F4-FBBA-41C7-9F09-64D85D696CFD}.Release|x64.ActiveCfg = Release|x64
		{603D54F4-FBBA-41C7-9F09-64D85D696CFD}.Release|x64.Build.0 = Release|x64
		{603D54F4-FBBA-41C7-9F09-64D85D696CFD}.Release|x64.Deploy.0 = Release|x64
		{603D54F4-FBBA-41C7-9F09-64D85D696CFD}.Release|x86.ActiveCfg = Release|x86
		{603D54F4-FBBA-41C7-9F09-64D85D696CFD}.Release|x86.Build.0 = Release|x86
		{603D54F4-FBBA-41C7-9F09-64D85D696CFD}.Release|x86.Deploy.0 = Release|x86
		{484882CF-5F07-4E4A-B1C2-1B9BB1BAA7CC}.Debug|Any CPU.ActiveCfg = Debug|Any CPU
		{484882CF-5F07-4E4A-B1C2-1B9BB1BAA7CC}.Debug|Any CPU.Build.0 = Debug|Any CPU
		{484882CF-5F07-4E4A-B1C2-1B9BB1BAA7CC}.Debug|ARM.ActiveCfg = Debug|ARM
		{484882CF-5F07-4E4A-B1C2-1B9BB1BAA7CC}.Debug|ARM.Build.0 = Debug|ARM
		{484882CF-5F07-4E4A-B1C2-1B9BB1BAA7CC}.Debug|x64.ActiveCfg = Debug|x64
		{484882CF-5F07-4E4A-B1C2-1B9BB1BAA7CC}.Debug|x64.Build.0 = Debug|x64
		{484882CF-5F07-4E4A-B1C2-1B9BB1BAA7CC}.Debug|x86.ActiveCfg = Debug|x86
		{484882CF-5F07-4E4A-B1C2-1B9BB1BAA7CC}.Debug|x86.Build.0 = Debug|x86
		{484882CF-5F07-4E4A-B1C2-1B9BB1BAA7CC}.Release|Any CPU.ActiveCfg = Release|Any CPU
		{484882CF-5F07-4E4A-B1C2-1B9BB1BAA7CC}.Release|Any CPU.Build.0 = Release|Any CPU
		{484882CF-5F07-4E4A-B1C2-1B9BB1BAA7CC}.Release|ARM.ActiveCfg = Release|ARM
		{484882CF-5F07-4E4A-B1C2-1B9BB1BAA7CC}.Release|ARM.Build.0 = Release|ARM
		{484882CF-5F07-4E4A-B1C2-1B9BB1BAA7CC}.Release|x64.ActiveCfg = Release|x64
		{484882CF-5F07-4E4A-B1C2-1B9BB1BAA7CC}.Release|x64.Build.0 = Release|x64
		{484882CF-5F07-4E4A-B1C2-1B9BB1BAA7CC}.Release|x86.ActiveCfg = Release|x86
		{484882CF-5F07-4E4A-B1C2-1B9BB1BAA7CC}.Release|x86.Build.0 = Release|x86
		{1165E0E2-6D2B-4FF6-998E-18F151A63091}.Debug|Any CPU.ActiveCfg = Debug|Any CPU
		{1165E0E2-6D2B-4FF6-998E-18F151A63091}.Debug|Any CPU.Build.0 = Debug|Any CPU
		{1165E0E2-6D2B-4FF6-998E-18F151A63091}.Debug|ARM.ActiveCfg = Debug|Any CPU
		{1165E0E2-6D2B-4FF6-998E-18F151A63091}.Debug|ARM.Build.0 = Debug|Any CPU
		{1165E0E2-6D2B-4FF6-998E-18F151A63091}.Debug|x64.ActiveCfg = Debug|Any CPU
		{1165E0E2-6D2B-4FF6-998E-18F151A63091}.Debug|x64.Build.0 = Debug|Any CPU
		{1165E0E2-6D2B-4FF6-998E-18F151A63091}.Debug|x86.ActiveCfg = Debug|Any CPU
		{1165E0E2-6D2B-4FF6-998E-18F151A63091}.Debug|x86.Build.0 = Debug|Any CPU
		{1165E0E2-6D2B-4FF6-998E-18F151A63091}.Release|Any CPU.ActiveCfg = Release|Any CPU
		{1165E0E2-6D2B-4FF6-998E-18F151A63091}.Release|Any CPU.Build.0 = Release|Any CPU
		{1165E0E2-6D2B-4FF6-998E-18F151A63091}.Release|ARM.ActiveCfg = Release|Any CPU
		{1165E0E2-6D2B-4FF6-998E-18F151A63091}.Release|ARM.Build.0 = Release|Any CPU
		{1165E0E2-6D2B-4FF6-998E-18F151A63091}.Release|x64.ActiveCfg = Release|Any CPU
		{1165E0E2-6D2B-4FF6-998E-18F151A63091}.Release|x64.Build.0 = Release|Any CPU
		{1165E0E2-6D2B-4FF6-998E-18F151A63091}.Release|x86.ActiveCfg = Release|Any CPU
		{1165E0E2-6D2B-4FF6-998E-18F151A63091}.Release|x86.Build.0 = Release|Any CPU
		{5ED0C7A4-2D04-4A9B-97C3-D06C3265D341}.Debug|Any CPU.ActiveCfg = Debug|Any CPU
		{5ED0C7A4-2D04-4A9B-97C3-D06C3265D341}.Debug|Any CPU.Build.0 = Debug|Any CPU
		{5ED0C7A4-2D04-4A9B-97C3-D06C3265D341}.Debug|ARM.ActiveCfg = Debug|Any CPU
		{5ED0C7A4-2D04-4A9B-97C3-D06C3265D341}.Debug|ARM.Build.0 = Debug|Any CPU
		{5ED0C7A4-2D04-4A9B-97C3-D06C3265D341}.Debug|x64.ActiveCfg = Debug|Any CPU
		{5ED0C7A4-2D04-4A9B-97C3-D06C3265D341}.Debug|x64.Build.0 = Debug|Any CPU
		{5ED0C7A4-2D04-4A9B-97C3-D06C3265D341}.Debug|x86.ActiveCfg = Debug|Any CPU
		{5ED0C7A4-2D04-4A9B-97C3-D06C3265D341}.Debug|x86.Build.0 = Debug|Any CPU
		{5ED0C7A4-2D04-4A9B-97C3-D06C3265D341}.Release|Any CPU.ActiveCfg = Release|Any CPU
		{5ED0C7A4-2D04-4A9B-97C3-D06C3265D341}.Release|Any CPU.Build.0 = Release|Any CPU
		{5ED0C7A4-2D04-4A9B-97C3-D06C3265D341}.Release|ARM.ActiveCfg = Release|Any CPU
		{5ED0C7A4-2D04-4A9B-97C3-D06C3265D341}.Release|ARM.Build.0 = Release|Any CPU
		{5ED0C7A4-2D04-4A9B-97C3-D06C3265D341}.Release|x64.ActiveCfg = Release|Any CPU
		{5ED0C7A4-2D04-4A9B-97C3-D06C3265D341}.Release|x64.Build.0 = Release|Any CPU
		{5ED0C7A4-2D04-4A9B-97C3-D06C3265D341}.Release|x86.ActiveCfg = Release|Any CPU
		{5ED0C7A4-2D04-4A9B-97C3-D06C3265D341}.Release|x86.Build.0 = Release|Any CPU
		{3528765D-F691-43BC-9015-6C73A615C670}.Debug|Any CPU.ActiveCfg = Debug|Any CPU
		{3528765D-F691-43BC-9015-6C73A615C670}.Debug|Any CPU.Build.0 = Debug|Any CPU
		{3528765D-F691-43BC-9015-6C73A615C670}.Debug|ARM.ActiveCfg = Debug|Any CPU
		{3528765D-F691-43BC-9015-6C73A615C670}.Debug|ARM.Build.0 = Debug|Any CPU
		{3528765D-F691-43BC-9015-6C73A615C670}.Debug|x64.ActiveCfg = Debug|Any CPU
		{3528765D-F691-43BC-9015-6C73A615C670}.Debug|x64.Build.0 = Debug|Any CPU
		{3528765D-F691-43BC-9015-6C73A615C670}.Debug|x86.ActiveCfg = Debug|Any CPU
		{3528765D-F691-43BC-9015-6C73A615C670}.Debug|x86.Build.0 = Debug|Any CPU
		{3528765D-F691-43BC-9015-6C73A615C670}.Release|Any CPU.ActiveCfg = Release|Any CPU
		{3528765D-F691-43BC-9015-6C73A615C670}.Release|Any CPU.Build.0 = Release|Any CPU
		{3528765D-F691-43BC-9015-6C73A615C670}.Release|ARM.ActiveCfg = Release|Any CPU
		{3528765D-F691-43BC-9015-6C73A615C670}.Release|ARM.Build.0 = Release|Any CPU
		{3528765D-F691-43BC-9015-6C73A615C670}.Release|x64.ActiveCfg = Release|Any CPU
		{3528765D-F691-43BC-9015-6C73A615C670}.Release|x64.Build.0 = Release|Any CPU
		{3528765D-F691-43BC-9015-6C73A615C670}.Release|x86.ActiveCfg = Release|Any CPU
		{3528765D-F691-43BC-9015-6C73A615C670}.Release|x86.Build.0 = Release|Any CPU
		{AFA183FE-F4BB-4E4D-A8D2-70EB44CA456E}.Debug|Any CPU.ActiveCfg = Debug|Any CPU
		{AFA183FE-F4BB-4E4D-A8D2-70EB44CA456E}.Debug|Any CPU.Build.0 = Debug|Any CPU
		{AFA183FE-F4BB-4E4D-A8D2-70EB44CA456E}.Debug|ARM.ActiveCfg = Debug|Any CPU
		{AFA183FE-F4BB-4E4D-A8D2-70EB44CA456E}.Debug|ARM.Build.0 = Debug|Any CPU
		{AFA183FE-F4BB-4E4D-A8D2-70EB44CA456E}.Debug|x64.ActiveCfg = Debug|Any CPU
		{AFA183FE-F4BB-4E4D-A8D2-70EB44CA456E}.Debug|x64.Build.0 = Debug|Any CPU
		{AFA183FE-F4BB-4E4D-A8D2-70EB44CA456E}.Debug|x86.ActiveCfg = Debug|Any CPU
		{AFA183FE-F4BB-4E4D-A8D2-70EB44CA456E}.Debug|x86.Build.0 = Debug|Any CPU
		{AFA183FE-F4BB-4E4D-A8D2-70EB44CA456E}.Release|Any CPU.ActiveCfg = Release|Any CPU
		{AFA183FE-F4BB-4E4D-A8D2-70EB44CA456E}.Release|Any CPU.Build.0 = Release|Any CPU
		{AFA183FE-F4BB-4E4D-A8D2-70EB44CA456E}.Release|ARM.ActiveCfg = Release|Any CPU
		{AFA183FE-F4BB-4E4D-A8D2-70EB44CA456E}.Release|ARM.Build.0 = Release|Any CPU
		{AFA183FE-F4BB-4E4D-A8D2-70EB44CA456E}.Release|x64.ActiveCfg = Release|Any CPU
		{AFA183FE-F4BB-4E4D-A8D2-70EB44CA456E}.Release|x64.Build.0 = Release|Any CPU
		{AFA183FE-F4BB-4E4D-A8D2-70EB44CA456E}.Release|x86.ActiveCfg = Release|Any CPU
		{AFA183FE-F4BB-4E4D-A8D2-70EB44CA456E}.Release|x86.Build.0 = Release|Any CPU
		{346A7B7C-177F-4F21-A7FC-95643AAF26FD}.Debug|Any CPU.ActiveCfg = Debug|Any CPU
		{346A7B7C-177F-4F21-A7FC-95643AAF26FD}.Debug|Any CPU.Build.0 = Debug|Any CPU
		{346A7B7C-177F-4F21-A7FC-95643AAF26FD}.Debug|ARM.ActiveCfg = Debug|Any CPU
		{346A7B7C-177F-4F21-A7FC-95643AAF26FD}.Debug|ARM.Build.0 = Debug|Any CPU
		{346A7B7C-177F-4F21-A7FC-95643AAF26FD}.Debug|x64.ActiveCfg = Debug|Any CPU
		{346A7B7C-177F-4F21-A7FC-95643AAF26FD}.Debug|x64.Build.0 = Debug|Any CPU
		{346A7B7C-177F-4F21-A7FC-95643AAF26FD}.Debug|x86.ActiveCfg = Debug|Any CPU
		{346A7B7C-177F-4F21-A7FC-95643AAF26FD}.Debug|x86.Build.0 = Debug|Any CPU
		{346A7B7C-177F-4F21-A7FC-95643AAF26FD}.Release|Any CPU.ActiveCfg = Release|Any CPU
		{346A7B7C-177F-4F21-A7FC-95643AAF26FD}.Release|Any CPU.Build.0 = Release|Any CPU
		{346A7B7C-177F-4F21-A7FC-95643AAF26FD}.Release|ARM.ActiveCfg = Release|Any CPU
		{346A7B7C-177F-4F21-A7FC-95643AAF26FD}.Release|ARM.Build.0 = Release|Any CPU
		{346A7B7C-177F-4F21-A7FC-95643AAF26FD}.Release|x64.ActiveCfg = Release|Any CPU
		{346A7B7C-177F-4F21-A7FC-95643AAF26FD}.Release|x64.Build.0 = Release|Any CPU
		{346A7B7C-177F-4F21-A7FC-95643AAF26FD}.Release|x86.ActiveCfg = Release|Any CPU
		{346A7B7C-177F-4F21-A7FC-95643AAF26FD}.Release|x86.Build.0 = Release|Any CPU
		{C24256B5-800D-4048-AF51-7D4B7409699E}.Debug|Any CPU.ActiveCfg = Debug|Any CPU
		{C24256B5-800D-4048-AF51-7D4B7409699E}.Debug|Any CPU.Build.0 = Debug|Any CPU
		{C24256B5-800D-4048-AF51-7D4B7409699E}.Debug|ARM.ActiveCfg = Debug|Any CPU
		{C24256B5-800D-4048-AF51-7D4B7409699E}.Debug|ARM.Build.0 = Debug|Any CPU
		{C24256B5-800D-4048-AF51-7D4B7409699E}.Debug|x64.ActiveCfg = Debug|Any CPU
		{C24256B5-800D-4048-AF51-7D4B7409699E}.Debug|x64.Build.0 = Debug|Any CPU
		{C24256B5-800D-4048-AF51-7D4B7409699E}.Debug|x86.ActiveCfg = Debug|Any CPU
		{C24256B5-800D-4048-AF51-7D4B7409699E}.Debug|x86.Build.0 = Debug|Any CPU
		{C24256B5-800D-4048-AF51-7D4B7409699E}.Release|Any CPU.ActiveCfg = Release|Any CPU
		{C24256B5-800D-4048-AF51-7D4B7409699E}.Release|Any CPU.Build.0 = Release|Any CPU
		{C24256B5-800D-4048-AF51-7D4B7409699E}.Release|ARM.ActiveCfg = Release|Any CPU
		{C24256B5-800D-4048-AF51-7D4B7409699E}.Release|ARM.Build.0 = Release|Any CPU
		{C24256B5-800D-4048-AF51-7D4B7409699E}.Release|x64.ActiveCfg = Release|Any CPU
		{C24256B5-800D-4048-AF51-7D4B7409699E}.Release|x64.Build.0 = Release|Any CPU
		{C24256B5-800D-4048-AF51-7D4B7409699E}.Release|x86.ActiveCfg = Release|Any CPU
		{C24256B5-800D-4048-AF51-7D4B7409699E}.Release|x86.Build.0 = Release|Any CPU
	EndGlobalSection
	GlobalSection(SolutionProperties) = preSolution
		HideSolutionNode = FALSE
	EndGlobalSection
EndGlobal
